
Microsoft Visual Studio Solution File, Format Version 12.00
# Visual Studio Version 17
VisualStudioVersion = 17.8.34511.84
MinimumVisualStudioVersion = 10.0.40219.1
Project("{FAE04EC0-301F-11D3-BF4B-00C04F79EFBC}") = "BelyaevKA03072024exam", "BelyaevKA03072024exam\BelyaevKA03072024exam.csproj", "{C7797CA3-78B7-445C-8C59-84BEC4EF11A0}"
EndProject
Global
	GlobalSection(SolutionConfigurationPlatforms) = preSolution
		Debug|Any CPU = Debug|Any CPU
		Release|Any CPU = Release|Any CPU
	EndGlobalSection
	GlobalSection(ProjectConfigurationPlatforms) = postSolution
		{C7797CA3-78B7-445C-8C59-84BEC4EF11A0}.Debug|Any CPU.ActiveCfg = Debug|Any CPU
		{C7797CA3-78B7-445C-8C59-84BEC4EF11A0}.Debug|Any CPU.Build.0 = Debug|Any CPU
		{C7797CA3-78B7-445C-8C59-84BEC4EF11A0}.Release|Any CPU.ActiveCfg = Release|Any CPU
		{C7797CA3-78B7-445C-8C59-84BEC4EF11A0}.Release|Any CPU.Build.0 = Release|Any CPU
	EndGlobalSection
	GlobalSection(SolutionProperties) = preSolution
		HideSolutionNode = FALSE
	EndGlobalSection
	GlobalSection(ExtensibilityGlobals) = postSolution
		SolutionGuid = {942DE282-C716-4E77-B999-166D1E7C814C}
	EndGlobalSection
EndGlobal
